
Microsoft Visual Studio Solution File, Format Version 12.00
# Visual Studio Version 17
VisualStudioVersion = 17.8.34330.188
MinimumVisualStudioVersion = 10.0.40219.1
Project("{9A19103F-16F7-4668-BE54-9A1E7A4F7556}") = "BisleriumCafe", "BisleriumCafe.csproj", "{731F8DB4-6A27-4208-BCEA-C47E89F06360}"
EndProject
Global
	GlobalSection(SolutionConfigurationPlatforms) = preSolution
		Debug|Any CPU = Debug|Any CPU
		Release|Any CPU = Release|Any CPU
	EndGlobalSection
	GlobalSection(ProjectConfigurationPlatforms) = postSolution
		{731F8DB4-6A27-4208-BCEA-C47E89F06360}.Debug|Any CPU.ActiveCfg = Debug|Any CPU
		{731F8DB4-6A27-4208-BCEA-C47E89F06360}.Debug|Any CPU.Build.0 = Debug|Any CPU
		{731F8DB4-6A27-4208-BCEA-C47E89F06360}.Debug|Any CPU.Deploy.0 = Debug|Any CPU
		{731F8DB4-6A27-4208-BCEA-C47E89F06360}.Release|Any CPU.ActiveCfg = Release|Any CPU
		{731F8DB4-6A27-4208-BCEA-C47E89F06360}.Release|Any CPU.Build.0 = Release|Any CPU
		{731F8DB4-6A27-4208-BCEA-C47E89F06360}.Release|Any CPU.Deploy.0 = Release|Any CPU
	EndGlobalSection
	GlobalSection(SolutionProperties) = preSolution
		HideSolutionNode = FALSE
	EndGlobalSection
	GlobalSection(ExtensibilityGlobals) = postSolution
		SolutionGuid = {98CDF053-E55C-418A-890B-CBC85CC8BBEA}
	EndGlobalSection
EndGlobal
